
Microsoft Visual Studio Solution File, Format Version 12.00
# Visual Studio 16
Project("{FAE04EC0-301F-11D3-BF4B-00C04F79EFBC}") = "Assembly-CSharp", "Assembly-CSharp.csproj", "{1E36BF23-7570-2694-7888-581011DB569E}"
EndProject
Project("{FAE04EC0-301F-11D3-BF4B-00C04F79EFBC}") = "Assembly-CSharp-Editor", "Assembly-CSharp-Editor.csproj", "{70318061-86D9-D652-1BA1-3CCA14EE0BCE}"
EndProject
Global
	GlobalSection(SolutionConfigurationPlatforms) = preSolution
		Debug|Any CPU = Debug|Any CPU
		Release|Any CPU = Release|Any CPU
	EndGlobalSection
	GlobalSection(ProjectConfigurationPlatforms) = postSolution
		{1E36BF23-7570-2694-7888-581011DB569E}.Debug|Any CPU.ActiveCfg = Debug|Any CPU
		{1E36BF23-7570-2694-7888-581011DB569E}.Debug|Any CPU.Build.0 = Debug|Any CPU
		{1E36BF23-7570-2694-7888-581011DB569E}.Release|Any CPU.ActiveCfg = Release|Any CPU
		{1E36BF23-7570-2694-7888-581011DB569E}.Release|Any CPU.Build.0 = Release|Any CPU
		{70318061-86D9-D652-1BA1-3CCA14EE0BCE}.Debug|Any CPU.ActiveCfg = Debug|Any CPU
		{70318061-86D9-D652-1BA1-3CCA14EE0BCE}.Debug|Any CPU.Build.0 = Debug|Any CPU
		{70318061-86D9-D652-1BA1-3CCA14EE0BCE}.Release|Any CPU.ActiveCfg = Release|Any CPU
		{70318061-86D9-D652-1BA1-3CCA14EE0BCE}.Release|Any CPU.Build.0 = Release|Any CPU
	EndGlobalSection
	GlobalSection(SolutionProperties) = preSolution
		HideSolutionNode = FALSE
	EndGlobalSection
	GlobalSection(MonoDevelopProperties) = preSolution
		StartupItem = Assembly-CSharp.csproj
	EndGlobalSection
EndGlobal
